
Microsoft Visual Studio Solution File, Format Version 12.00
# Visual Studio Version 17
VisualStudioVersion = 17.0.32014.148
MinimumVisualStudioVersion = 10.0.40219.1
Project("{9A19103F-16F7-4668-BE54-9A1E7A4F7556}") = "MssqlScriptTool", "MssqlScriptTool\MssqlScriptTool.csproj", "{40990947-2010-4462-9B51-0A3905A4802F}"
EndProject
Global
	GlobalSection(SolutionConfigurationPlatforms) = preSolution
		Debug|Any CPU = Debug|Any CPU
		Release|Any CPU = Release|Any CPU
	EndGlobalSection
	GlobalSection(ProjectConfigurationPlatforms) = postSolution
		{40990947-2010-4462-9B51-0A3905A4802F}.Debug|Any CPU.ActiveCfg = Debug|Any CPU
		{40990947-2010-4462-9B51-0A3905A4802F}.Debug|Any CPU.Build.0 = Debug|Any CPU
		{40990947-2010-4462-9B51-0A3905A4802F}.Release|Any CPU.ActiveCfg = Release|Any CPU
		{40990947-2010-4462-9B51-0A3905A4802F}.Release|Any CPU.Build.0 = Release|Any CPU
	EndGlobalSection
	GlobalSection(SolutionProperties) = preSolution
		HideSolutionNode = FALSE
	EndGlobalSection
	GlobalSection(ExtensibilityGlobals) = postSolution
		SolutionGuid = {4356B5EF-6493-452F-9012-9CDFE873B30B}
	EndGlobalSection
EndGlobal
